
Microsoft Visual Studio Solution File, Format Version 12.00
# Visual Studio 15
VisualStudioVersion = 15.0.27703.2035
MinimumVisualStudioVersion = 10.0.40219.1
Project("{D954291E-2A0B-460D-934E-DC6B0785DB48}") = "ProtectProcess", "ProtectProcess\ProtectProcess.shproj", "{30291995-7907-4BE4-AE13-F17DAEDBF420}"
EndProject
Project("{FAE04EC0-301F-11D3-BF4B-00C04F79EFBC}") = "Alpha", "Alpha\Alpha.csproj", "{C396B2F5-CD26-4F3C-BFD1-47EA57FCE3D7}"
EndProject
Project("{FAE04EC0-301F-11D3-BF4B-00C04F79EFBC}") = "Bravo", "Bravo\Bravo.csproj", "{14E722F0-E9CA-45F1-A3F1-0AA7D119173E}"
EndProject
Project("{FAE04EC0-301F-11D3-BF4B-00C04F79EFBC}") = "Charlie", "Charlie\Charlie.csproj", "{B577166B-211C-44D6-B63A-2BC6700CAADD}"
EndProject
Global
	GlobalSection(SharedMSBuildProjectFiles) = preSolution
		ProtectProcess\ProtectProcess.projitems*{14e722f0-e9ca-45f1-a3f1-0aa7d119173e}*SharedItemsImports = 4
		ProtectProcess\ProtectProcess.projitems*{30291995-7907-4be4-ae13-f17daedbf420}*SharedItemsImports = 13
		ProtectProcess\ProtectProcess.projitems*{b577166b-211c-44d6-b63a-2bc6700caadd}*SharedItemsImports = 4
		ProtectProcess\ProtectProcess.projitems*{c396b2f5-cd26-4f3c-bfd1-47ea57fce3d7}*SharedItemsImports = 4
	EndGlobalSection
	GlobalSection(SolutionConfigurationPlatforms) = preSolution
		Debug|Any CPU = Debug|Any CPU
		Release|Any CPU = Release|Any CPU
	EndGlobalSection
	GlobalSection(ProjectConfigurationPlatforms) = postSolution
		{C396B2F5-CD26-4F3C-BFD1-47EA57FCE3D7}.Debug|Any CPU.ActiveCfg = Debug|Any CPU
		{C396B2F5-CD26-4F3C-BFD1-47EA57FCE3D7}.Debug|Any CPU.Build.0 = Debug|Any CPU
		{C396B2F5-CD26-4F3C-BFD1-47EA57FCE3D7}.Release|Any CPU.ActiveCfg = Release|Any CPU
		{C396B2F5-CD26-4F3C-BFD1-47EA57FCE3D7}.Release|Any CPU.Build.0 = Release|Any CPU
		{14E722F0-E9CA-45F1-A3F1-0AA7D119173E}.Debug|Any CPU.ActiveCfg = Debug|Any CPU
		{14E722F0-E9CA-45F1-A3F1-0AA7D119173E}.Debug|Any CPU.Build.0 = Debug|Any CPU
		{14E722F0-E9CA-45F1-A3F1-0AA7D119173E}.Release|Any CPU.ActiveCfg = Release|Any CPU
		{14E722F0-E9CA-45F1-A3F1-0AA7D119173E}.Release|Any CPU.Build.0 = Release|Any CPU
		{B577166B-211C-44D6-B63A-2BC6700CAADD}.Debug|Any CPU.ActiveCfg = Debug|Any CPU
		{B577166B-211C-44D6-B63A-2BC6700CAADD}.Debug|Any CPU.Build.0 = Debug|Any CPU
		{B577166B-211C-44D6-B63A-2BC6700CAADD}.Release|Any CPU.ActiveCfg = Release|Any CPU
		{B577166B-211C-44D6-B63A-2BC6700CAADD}.Release|Any CPU.Build.0 = Release|Any CPU
	EndGlobalSection
	GlobalSection(SolutionProperties) = preSolution
		HideSolutionNode = FALSE
	EndGlobalSection
	GlobalSection(ExtensibilityGlobals) = postSolution
		SolutionGuid = {6538ED5A-9C03-4590-89C5-C919380E899E}
	EndGlobalSection
EndGlobal
